
Microsoft Visual Studio Solution File, Format Version 12.00
# Visual Studio Version 17
VisualStudioVersion = 17.14.36414.22 d17.14
MinimumVisualStudioVersion = 10.0.40219.1
Project("{FAE04EC0-301F-11D3-BF4B-00C04F79EFBC}") = "NumbersGame", "NumbersGame\NumbersGame.csproj", "{909F7FAB-C237-485C-80D5-9D1389D50135}"
EndProject
Global
	GlobalSection(SolutionConfigurationPlatforms) = preSolution
		Debug|Any CPU = Debug|Any CPU
		Release|Any CPU = Release|Any CPU
	EndGlobalSection
	GlobalSection(ProjectConfigurationPlatforms) = postSolution
		{909F7FAB-C237-485C-80D5-9D1389D50135}.Debug|Any CPU.ActiveCfg = Debug|Any CPU
		{909F7FAB-C237-485C-80D5-9D1389D50135}.Debug|Any CPU.Build.0 = Debug|Any CPU
		{909F7FAB-C237-485C-80D5-9D1389D50135}.Release|Any CPU.ActiveCfg = Release|Any CPU
		{909F7FAB-C237-485C-80D5-9D1389D50135}.Release|Any CPU.Build.0 = Release|Any CPU
	EndGlobalSection
	GlobalSection(SolutionProperties) = preSolution
		HideSolutionNode = FALSE
	EndGlobalSection
	GlobalSection(ExtensibilityGlobals) = postSolution
		SolutionGuid = {57898C47-897B-415B-9CEA-B34964B21261}
	EndGlobalSection
EndGlobal
